// !$*UTF8*$!
{
	archiveVersion = 1;
	classes = {
	};
	objectVersion = 50;
	objects = {

/* Begin PBXBuildFile section */
		EE0799C323B9DDC200C370FF /* AppDelegate.swift in Sources */ = {isa = PBXBuildFile; fileRef = EE0799C223B9DDC200C370FF /* AppDelegate.swift */; };
		EE0799C523B9DDC200C370FF /* SceneDelegate.swift in Sources */ = {isa = PBXBuildFile; fileRef = EE0799C423B9DDC200C370FF /* SceneDelegate.swift */; };
		EE0799C723B9DDC200C370FF /* ViewController.swift in Sources */ = {isa = PBXBuildFile; fileRef = EE0799C623B9DDC200C370FF /* ViewController.swift */; };
		EE0799CA23B9DDC200C370FF /* Main.storyboard in Resources */ = {isa = PBXBuildFile; fileRef = EE0799C823B9DDC200C370FF /* Main.storyboard */; };
		EE0799CD23B9DDC200C370FF /* TableViewNew.xcdatamodeld in Sources */ = {isa = PBXBuildFile; fileRef = EE0799CB23B9DDC200C370FF /* TableViewNew.xcdatamodeld */; };
		EE0799CF23B9DDC400C370FF /* Assets.xcassets in Resources */ = {isa = PBXBuildFile; fileRef = EE0799CE23B9DDC400C370FF /* Assets.xcassets */; };
		EE0799D223B9DDC400C370FF /* LaunchScreen.storyboard in Resources */ = {isa = PBXBuildFile; fileRef = EE0799D023B9DDC400C370FF /* LaunchScreen.storyboard */; };
/* End PBXBuildFile section */

/* Begin PBXFileReference section */
		EE0799BF23B9DDC200C370FF /* TableViewNew.app */ = {isa = PBXFileReference; explicitFileType = wrapper.application; includeInIndex = 0; path = TableViewNew.app; sourceTree = BUILT_PRODUCTS_DIR; };
		EE0799C223B9DDC200C370FF /* AppDelegate.swift */ = {isa = PBXFileReference; lastKnownFileType = sourcecode.swift; path = AppDelegate.swift; sourceTree = "<group>"; };
		EE0799C423B9DDC200C370FF /* SceneDelegate.swift */ = {isa = PBXFileReference; lastKnownFileType = sourcecode.swift; path = SceneDelegate.swift; sourceTree = "<group>"; };
		EE0799C623B9DDC200C370FF /* ViewController.swift */ = {isa = PBXFileReference; lastKnownFileType = sourcecode.swift; path = ViewController.swift; sourceTree = "<group>"; };
		EE0799C923B9DDC200C370FF /* Base */ = {isa = PBXFileReference; lastKnownFileType = file.storyboard; name = Base; path = Base.lproj/Main.storyboard; sourceTree = "<group>"; };
		EE0799CC23B9DDC200C370FF /* TableViewNew.xcdatamodel */ = {isa = PBXFileReference; lastKnownFileType = wrapper.xcdatamodel; path = TableViewNew.xcdatamodel; sourceTree = "<group>"; };
		EE0799CE23B9DDC400C370FF /* Assets.xcassets */ = {isa = PBXFileReference; lastKnownFileType = folder.assetcatalog; path = Assets.xcassets; sourceTree = "<group>"; };
		EE0799D123B9DDC400C370FF /* Base */ = {isa = PBXFileReference; lastKnownFileType = file.storyboard; name = Base; path = Base.lproj/LaunchScreen.storyboard; sourceTree = "<group>"; };
		EE0799D323B9DDC400C370FF /* Info.plist */ = {isa = PBXFileReference; lastKnownFileType = text.plist.xml; path = Info.plist; sourceTree = "<group>"; };
/* End PBXFileReference section */

/* Begin PBXFrameworksBuildPhase section */
		EE0799BC23B9DDC200C370FF /* Frameworks */ = {
			isa = PBXFrameworksBuildPhase;
			buildActionMask = 2147483647;
			files = (
			);
			runOnlyForDeploymentPostprocessing = 0;
		};
/* End PBXFrameworksBuildPhase section */

/* Begin PBXGroup section */
		EE0799B623B9DDC200C370FF = {
			isa = PBXGroup;
			children = (
				EE0799C123B9DDC200C370FF /* TableViewNew */,
				EE0799C023B9DDC200C370FF /* Products */,
			);
			sourceTree = "<group>";
		};
		EE0799C023B9DDC200C370FF /* Products */ = {
			isa = PBXGroup;
			children = (
				EE0799BF23B9DDC200C370FF /* TableViewNew.app */,
			);
			name = Products;
			sourceTree = "<group>";
		};
		EE0799C123B9DDC200C370FF /* TableViewNew */ = {
			isa = PBXGroup;
			children = (
				EE0799C223B9DDC200C370FF /* AppDelegate.swift */,
				EE0799C423B9DDC200C370FF /* SceneDelegate.swift */,
				EE0799C623B9DDC200C370FF /* ViewController.swift */,
				EE0799C823B9DDC200C370FF /* Main.storyboard */,
				EE0799CE23B9DDC400C370FF /* Assets.xcassets */,
				EE0799D023B9DDC400C370FF /* LaunchScreen.storyboard */,
				EE0799D323B9DDC400C370FF /* Info.plist */,
				EE0799CB23B9DDC200C370FF /* TableViewNew.xcdatamodeld */,
			);
			path = TableViewNew;
			sourceTree = "<group>";
		};
/* End PBXGroup section */

/* Begin PBXNativeTarget section */
		EE0799BE23B9DDC200C370FF /* TableViewNew */ = {
			isa = PBXNativeTarget;
			buildConfigurationList = EE0799D623B9DDC400C370FF /* Build configuration list for PBXNativeTarget "TableViewNew" */;
			buildPhases = (
				EE0799BB23B9DDC200C370FF /* Sources */,
				EE0799BC23B9DDC200C370FF /* Frameworks */,
				EE0799BD23B9DDC200C370FF /* Resources */,
			);
			buildRules = (
			);
			dependencies = (
			);
			name = TableViewNew;
			productName = TableViewNew;
			productReference = EE0799BF23B9DDC200C370FF /* TableViewNew.app */;
			productType = "com.apple.product-type.application";
		};
/* End PBXNativeTarget section */

/* Begin PBXProject section */
		EE0799B723B9DDC200C370FF /* Project object */ = {
			isa = PBXProject;
			attributes = {
				LastSwiftUpdateCheck = 1110;
				LastUpgradeCheck = 1110;
				ORGANIZATIONNAME = clicklabs;
				TargetAttributes = {
					EE0799BE23B9DDC200C370FF = {
						CreatedOnToolsVersion = 11.1;
					};
				};
			};
			buildConfigurationList = EE0799BA23B9DDC200C370FF /* Build configuration list for PBXProject "TableViewNew" */;
			compatibilityVersion = "Xcode 9.3";
			developmentRegion = en;
			hasScannedForEncodings = 0;
			knownRegions = (
				en,
				Base,
			);
			mainGroup = EE0799B623B9DDC200C370FF;
			productRefGroup = EE0799C023B9DDC200C370FF /* Products */;
			projectDirPath = "";
			projectRoot = "";
			targets = (
				EE0799BE23B9DDC200C370FF /* TableViewNew */,
			);
		};
/* End PBXProject section */

/* Begin PBXResourcesBuildPhase section */
		EE0799BD23B9DDC200C370FF /* Resources */ = {
			isa = PBXResourcesBuildPhase;
			buildActionMask = 2147483647;
			files = (
				EE0799D223B9DDC400C370FF /* LaunchScreen.storyboard in Resources */,
				EE0799CF23B9DDC400C370FF /* Assets.xcassets in Resources */,
				EE0799CA23B9DDC200C370FF /* Main.storyboard in Resources */,
			);
			runOnlyForDeploymentPostprocessing = 0;
		};
/* End PBXResourcesBuildPhase section */

/* Begin PBXSourcesBuildPhase section */
		EE0799BB23B9DDC200C370FF /* Sources */ = {
			isa = PBXSourcesBuildPhase;
			buildActionMask = 2147483647;
			files = (
				EE0799C723B9DDC200C370FF /* ViewController.swift in Sources */,
				EE0799C323B9DDC200C370FF /* AppDelegate.swift in Sources */,
				EE0799CD23B9DDC200C370FF /* TableViewNew.xcdatamodeld in Sources */,
				EE0799C523B9DDC200C370FF /* SceneDelegate.swift in Sources */,
			);
			runOnlyForDeploymentPostprocessing = 0;
		};
/* End PBXSourcesBuildPhase section */

/* Begin PBXVariantGroup section */
		EE0799C823B9DDC200C370FF /* Main.storyboard */ = {
			isa = PBXVariantGroup;
			children = (
				EE0799C923B9DDC200C370FF /* Base */,
			);
			name = Main.storyboard;
			sourceTree = "<group>";
		};
		EE0799D023B9DDC400C370FF /* LaunchScreen.storyboard */ = {
			isa = PBXVariantGroup;
			children = (
				EE0799D123B9DDC400C370FF /* Base */,
			);
			name = LaunchScreen.storyboard;
			sourceTree = "<group>";
		};
/* End PBXVariantGroup section */

/* Begin XCBuildConfiguration section */
		EE0799D423B9DDC400C370FF /* Debug */ = {
			isa = XCBuildConfiguration;
			buildSettings = {
				ALWAYS_SEARCH_USER_PATHS = NO;
				CLANG_ANALYZER_NONNULL = YES;
				CLANG_ANALYZER_NUMBER_OBJECT_CONVERSION = YES_AGGRESSIVE;
				CLANG_CXX_LANGUAGE_STANDARD = "gnu++14";
				CLANG_CXX_LIBRARY = "libc++";
				CLANG_ENABLE_MODULES = YES;
				CLANG_ENABLE_OBJC_ARC = YES;
				CLANG_ENABLE_OBJC_WEAK = YES;
				CLANG_WARN_BLOCK_CAPTURE_AUTORELEASING = YES;
				CLANG_WARN_BOOL_CONVERSION = YES;
				CLANG_WARN_COMMA = YES;
				CLANG_WARN_CONSTANT_CONVERSION = YES;
				CLANG_WARN_DEPRECATED_OBJC_IMPLEMENTATIONS = YES;
				CLANG_WARN_DIRECT_OBJC_ISA_USAGE = YES_ERROR;
				CLANG_WARN_DOCUMENTATION_COMMENTS = YES;
				CLANG_WARN_EMPTY_BODY = YES;
				CLANG_WARN_ENUM_CONVERSION = YES;
				CLANG_WARN_INFINITE_RECURSION = YES;
				CLANG_WARN_INT_CONVERSION = YES;
				CLANG_WARN_NON_LITERAL_NULL_CONVERSION = YES;
				CLANG_WARN_OBJC_IMPLICIT_RETAIN_SELF = YES;
				CLANG_WARN_OBJC_LITERAL_CONVERSION = YES;
				CLANG_WARN_OBJC_ROOT_CLASS = YES_ERROR;
				CLANG_WARN_RANGE_LOOP_ANALYSIS = YES;
				CLANG_WARN_STRICT_PROTOTYPES = YES;
				CLANG_WARN_SUSPICIOUS_MOVE = YES;
				CLANG_WARN_UNGUARDED_AVAILABILITY = YES_AGGRESSIVE;
				CLANG_WARN_UNREACHABLE_CODE = YES;
				CLANG_WARN__DUPLICATE_METHOD_MATCH = YES;
				COPY_PHASE_STRIP = NO;
				DEBUG_INFORMATION_FORMAT = dwarf;
				ENABLE_STRICT_OBJC_MSGSEND = YES;
				ENABLE_TESTABILITY = YES;
				GCC_C_LANGUAGE_STANDARD = gnu11;
				GCC_DYNAMIC_NO_PIC = NO;
				GCC_NO_COMMON_BLOCKS = YES;
				GCC_OPTIMIZATION_LEVEL = 0;
				GCC_PREPROCESSOR_DEFINITIONS = (
					"DEBUG=1",
					"$(inherited)",
				);
				GCC_WARN_64_TO_32_BIT_CONVERSION = YES;
				GCC_WARN_ABOUT_RETURN_TYPE = YES_ERROR;
				GCC_WARN_UNDECLARED_SELECTOR = YES;
				GCC_WARN_UNINITIALIZED_AUTOS = YES_AGGRESSIVE;
				GCC_WARN_UNUSED_FUNCTION = YES;
				GCC_WARN_UNUSED_VARIABLE = YES;
				IPHONEOS_DEPLOYMENT_TARGET = 13.1;
				MTL_ENABLE_DEBUG_INFO = INCLUDE_SOURCE;
				MTL_FAST_MATH = YES;
				ONLY_ACTIVE_ARCH = YES;
				SDKROOT = iphoneos;
				SWIFT_ACTIVE_COMPILATION_CONDITIONS = DEBUG;
				SWIFT_OPTIMIZATION_LEVEL = "-Onone";
			};
			name = Debug;
		};
		EE0799D523B9DDC400C370FF /* Release */ = {
			isa = XCBuildConfiguration;
			buildSettings = {
				ALWAYS_SEARCH_USER_PATHS = NO;
				CLANG_ANALYZER_NONNULL = YES;
				CLANG_ANALYZER_NUMBER_OBJECT_CONVERSION = YES_AGGRESSIVE;
				CLANG_CXX_LANGUAGE_STANDARD = "gnu++14";
				CLANG_CXX_LIBRARY = "libc++";
				CLANG_ENABLE_MODULES = YES;
				CLANG_ENABLE_OBJC_ARC = YES;
				CLANG_ENABLE_OBJC_WEAK = YES;
				CLANG_WARN_BLOCK_CAPTURE_AUTORELEASING = YES;
				CLANG_WARN_BOOL_CONVERSION = YES;
				CLANG_WARN_COMMA = YES;
				CLANG_WARN_CONSTANT_CONVERSION = YES;
				CLANG_WARN_DEPRECATED_OBJC_IMPLEMENTATIONS = YES;
				CLANG_WARN_DIRECT_OBJC_ISA_USAGE = YES_ERROR;
				CLANG_WARN_DOCUMENTATION_COMMENTS = YES;
				CLANG_WARN_EMPTY_BODY = YES;
				CLANG_WARN_ENUM_CONVERSION = YES;
				CLANG_WARN_INFINITE_RECURSION = YES;
				CLANG_WARN_INT_CONVERSION = YES;
				CLANG_WARN_NON_LITERAL_NULL_CONVERSION = YES;
				CLANG_WARN_OBJC_IMPLICIT_RETAIN_SELF = YES;
				CLANG_WARN_OBJC_LITERAL_CONVERSION = YES;
				CLANG_WARN_OBJC_ROOT_CLASS = YES_ERROR;
				CLANG_WARN_RANGE_LOOP_ANALYSIS = YES;
				CLANG_WARN_STRICT_PROTOTYPES = YES;
				CLANG_WARN_SUSPICIOUS_MOVE = YES;
				CLANG_WARN_UNGUARDED_AVAILABILITY = YES_AGGRESSIVE;
				CLANG_WARN_UNREACHABLE_CODE = YES;
				CLANG_WARN__DUPLICATE_METHOD_MATCH = YES;
				COPY_PHASE_STRIP = NO;
				DEBUG_INFORMATION_FORMAT = "dwarf-with-dsym";
				ENABLE_NS_ASSERTIONS = NO;
				ENABLE_STRICT_OBJC_MSGSEND = YES;
				GCC_C_LANGUAGE_STANDARD = gnu11;
				GCC_NO_COMMON_BLOCKS = YES;
				GCC_WARN_64_TO_32_BIT_CONVERSION = YES;
				GCC_WARN_ABOUT_RETURN_TYPE = YES_ERROR;
				GCC_WARN_UNDECLARED_SELECTOR = YES;
				GCC_WARN_UNINITIALIZED_AUTOS = YES_AGGRESSIVE;
				GCC_WARN_UNUSED_FUNCTION = YES;
				GCC_WARN_UNUSED_VARIABLE = YES;
				IPHONEOS_DEPLOYMENT_TARGET = 13.1;
				MTL_ENABLE_DEBUG_INFO = NO;
				MTL_FAST_MATH = YES;
				SDKROOT = iphoneos;
				SWIFT_COMPILATION_MODE = wholemodule;
				SWIFT_OPTIMIZATION_LEVEL = "-O";
				VALIDATE_PRODUCT = YES;
			};
			name = Release;
		};
		EE0799D723B9DDC400C370FF /* Debug */ = {
			isa = XCBuildConfiguration;
			buildSettings = {
				ASSETCATALOG_COMPILER_APPICON_NAME = AppIcon;
				CODE_SIGN_STYLE = Automatic;
				INFOPLIST_FILE = TableViewNew/Info.plist;
				LD_RUNPATH_SEARCH_PATHS = (
					"$(inherited)",
					"@executable_path/Frameworks",
				);
				PRODUCT_BUNDLE_IDENTIFIER = "-1.TableViewNew";
				PRODUCT_NAME = "$(TARGET_NAME)";
				SWIFT_VERSION = 5.0;
				TARGETED_DEVICE_FAMILY = "1,2";
			};
			name = Debug;
		};
		EE0799D823B9DDC400C370FF /* Release */ = {
			isa = XCBuildConfiguration;
			buildSettings = {
				ASSETCATALOG_COMPILER_APPICON_NAME = AppIcon;
				CODE_SIGN_STYLE = Automatic;
				INFOPLIST_FILE = TableViewNew/Info.plist;
				LD_RUNPATH_SEARCH_PATHS = (
					"$(inherited)",
					"@executable_path/Frameworks",
				);
				PRODUCT_BUNDLE_IDENTIFIER = "-1.TableViewNew";
				PRODUCT_NAME = "$(TARGET_NAME)";
				SWIFT_VERSION = 5.0;
				TARGETED_DEVICE_FAMILY = "1,2";
			};
			name = Release;
		};
/* End XCBuildConfiguration section */

/* Begin XCConfigurationList section */
		EE0799BA23B9DDC200C370FF /* Build configuration list for PBXProject "TableViewNew" */ = {
			isa = XCConfigurationList;
			buildConfigurations = (
				EE0799D423B9DDC400C370FF /* Debug */,
				EE0799D523B9DDC400C370FF /* Release */,
			);
			defaultConfigurationIsVisible = 0;
			defaultConfigurationName = Release;
		};
		EE0799D623B9DDC400C370FF /* Build configuration list for PBXNativeTarget "TableViewNew" */ = {
			isa = XCConfigurationList;
			buildConfigurations = (
				EE0799D723B9DDC400C370FF /* Debug */,
				EE0799D823B9DDC400C370FF /* Release */,
			);
			defaultConfigurationIsVisible = 0;
			defaultConfigurationName = Release;
		};
/* End XCConfigurationList section */

/* Begin XCVersionGroup section */
		EE0799CB23B9DDC200C370FF /* TableViewNew.xcdatamodeld */ = {
			isa = XCVersionGroup;
			children = (
				EE0799CC23B9DDC200C370FF /* TableViewNew.xcdatamodel */,
			);
			currentVersion = EE0799CC23B9DDC200C370FF /* TableViewNew.xcdatamodel */;
			path = TableViewNew.xcdatamodeld;
			sourceTree = "<group>";
			versionGroupType = wrapper.xcdatamodel;
		};
/* End XCVersionGroup section */
	};
	rootObject = EE0799B723B9DDC200C370FF /* Project object */;
}
